
Microsoft Visual Studio Solution File, Format Version 12.00
# Visual Studio Version 16
VisualStudioVersion = 16.0.30413.136
MinimumVisualStudioVersion = 10.0.40219.1
Project("{8BC9CEB8-8B4A-11D0-8D11-00A0C91BC942}") = "Binary_Search_Tree", "Binary_Search_Tree\Binary_Search_Tree.vcxproj", "{75B0D0E5-3401-41E0-866E-E8464E7C499C}"
EndProject
Global
	GlobalSection(SolutionConfigurationPlatforms) = preSolution
		Debug|x64 = Debug|x64
		Debug|x86 = Debug|x86
		Release|x64 = Release|x64
		Release|x86 = Release|x86
	EndGlobalSection
	GlobalSection(ProjectConfigurationPlatforms) = postSolution
		{75B0D0E5-3401-41E0-866E-E8464E7C499C}.Debug|x64.ActiveCfg = Debug|x64
		{75B0D0E5-3401-41E0-866E-E8464E7C499C}.Debug|x64.Build.0 = Debug|x64
		{75B0D0E5-3401-41E0-866E-E8464E7C499C}.Debug|x86.ActiveCfg = Debug|Win32
		{75B0D0E5-3401-41E0-866E-E8464E7C499C}.Debug|x86.Build.0 = Debug|Win32
		{75B0D0E5-3401-41E0-866E-E8464E7C499C}.Release|x64.ActiveCfg = Release|x64
		{75B0D0E5-3401-41E0-866E-E8464E7C499C}.Release|x64.Build.0 = Release|x64
		{75B0D0E5-3401-41E0-866E-E8464E7C499C}.Release|x86.ActiveCfg = Release|Win32
		{75B0D0E5-3401-41E0-866E-E8464E7C499C}.Release|x86.Build.0 = Release|Win32
	EndGlobalSection
	GlobalSection(SolutionProperties) = preSolution
		HideSolutionNode = FALSE
	EndGlobalSection
	GlobalSection(ExtensibilityGlobals) = postSolution
		SolutionGuid = {DFF1D738-9073-4B4D-B4DF-8A6AFB897C95}
	EndGlobalSection
EndGlobal
